// !$*UTF8*$!
{
	archiveVersion = 1;
	classes = {
	};
	objectVersion = 56;
	objects = {

/* Begin PBXBuildFile section */
		E9ADA03F2A4B637E00E59BCA /* TodoListSwiftUIApp.swift in Sources */ = {isa = PBXBuildFile; fileRef = E9ADA03E2A4B637E00E59BCA /* TodoListSwiftUIApp.swift */; };
		E9ADA0412A4B637E00E59BCA /* MainView.swift in Sources */ = {isa = PBXBuildFile; fileRef = E9ADA0402A4B637E00E59BCA /* MainView.swift */; };
		E9ADA0432A4B637F00E59BCA /* Assets.xcassets in Resources */ = {isa = PBXBuildFile; fileRef = E9ADA0422A4B637F00E59BCA /* Assets.xcassets */; };
		E9ADA0462A4B637F00E59BCA /* Preview Assets.xcassets in Resources */ = {isa = PBXBuildFile; fileRef = E9ADA0452A4B637F00E59BCA /* Preview Assets.xcassets */; };
		E9ADA04E2A4B64BD00E59BCA /* FirebaseAuth in Frameworks */ = {isa = PBXBuildFile; productRef = E9ADA04D2A4B64BD00E59BCA /* FirebaseAuth */; };
		E9ADA0502A4B64BD00E59BCA /* FirebaseFirestore in Frameworks */ = {isa = PBXBuildFile; productRef = E9ADA04F2A4B64BD00E59BCA /* FirebaseFirestore */; };
		E9ADA0522A4B64BD00E59BCA /* FirebaseFirestoreSwift in Frameworks */ = {isa = PBXBuildFile; productRef = E9ADA0512A4B64BD00E59BCA /* FirebaseFirestoreSwift */; };
		E9ADA0542A4B668D00E59BCA /* GoogleService-Info.plist in Resources */ = {isa = PBXBuildFile; fileRef = E9ADA0532A4B668D00E59BCA /* GoogleService-Info.plist */; };
		E9ADA05A2A4B698A00E59BCA /* ProfileView.swift in Sources */ = {isa = PBXBuildFile; fileRef = E9ADA0592A4B698A00E59BCA /* ProfileView.swift */; };
		E9ADA05C2A4B699E00E59BCA /* TodoListItemsView.swift in Sources */ = {isa = PBXBuildFile; fileRef = E9ADA05B2A4B699E00E59BCA /* TodoListItemsView.swift */; };
		E9ADA05E2A4B69C500E59BCA /* NewItemView.swift in Sources */ = {isa = PBXBuildFile; fileRef = E9ADA05D2A4B69C500E59BCA /* NewItemView.swift */; };
		E9ADA0602A4B69D600E59BCA /* LoginView.swift in Sources */ = {isa = PBXBuildFile; fileRef = E9ADA05F2A4B69D600E59BCA /* LoginView.swift */; };
		E9ADA0622A4B69F700E59BCA /* RegisterView.swift in Sources */ = {isa = PBXBuildFile; fileRef = E9ADA0612A4B69F700E59BCA /* RegisterView.swift */; };
		E9ADA0642A4B6A3400E59BCA /* TodoListView.swift in Sources */ = {isa = PBXBuildFile; fileRef = E9ADA0632A4B6A3400E59BCA /* TodoListView.swift */; };
		E9ADA0662A4B6A7300E59BCA /* User.swift in Sources */ = {isa = PBXBuildFile; fileRef = E9ADA0652A4B6A7300E59BCA /* User.swift */; };
		E9ADA0682A4B6A8400E59BCA /* TodoListItem.swift in Sources */ = {isa = PBXBuildFile; fileRef = E9ADA0672A4B6A8400E59BCA /* TodoListItem.swift */; };
		E9ADA06A2A4B6AB300E59BCA /* MainViewViewModel.swift in Sources */ = {isa = PBXBuildFile; fileRef = E9ADA0692A4B6AB300E59BCA /* MainViewViewModel.swift */; };
		E9ADA06C2A4B6AC200E59BCA /* ProfileViewViewModel.swift in Sources */ = {isa = PBXBuildFile; fileRef = E9ADA06B2A4B6AC200E59BCA /* ProfileViewViewModel.swift */; };
		E9ADA06E2A4B6ADA00E59BCA /* TodoListViewViewModel.swift in Sources */ = {isa = PBXBuildFile; fileRef = E9ADA06D2A4B6ADA00E59BCA /* TodoListViewViewModel.swift */; };
		E9ADA0702A4B6AE600E59BCA /* NewItemViewViewModel.swift in Sources */ = {isa = PBXBuildFile; fileRef = E9ADA06F2A4B6AE600E59BCA /* NewItemViewViewModel.swift */; };
		E9ADA0722A4B6AF300E59BCA /* LoginViewViewModel.swift in Sources */ = {isa = PBXBuildFile; fileRef = E9ADA0712A4B6AF300E59BCA /* LoginViewViewModel.swift */; };
		E9ADA0742A4B6B1300E59BCA /* RegisterViewViewModel.swift in Sources */ = {isa = PBXBuildFile; fileRef = E9ADA0732A4B6B1300E59BCA /* RegisterViewViewModel.swift */; };
		E9ADA0762A4B6B2500E59BCA /* TodoListItemsViewViewModel.swift in Sources */ = {isa = PBXBuildFile; fileRef = E9ADA0752A4B6B2500E59BCA /* TodoListItemsViewViewModel.swift */; };
		E9ADA0782A4B72A300E59BCA /* HeaderView.swift in Sources */ = {isa = PBXBuildFile; fileRef = E9ADA0772A4B72A300E59BCA /* HeaderView.swift */; };
/* End PBXBuildFile section */

/* Begin PBXFileReference section */
		E9ADA03B2A4B637E00E59BCA /* TodoListSwiftUI.app */ = {isa = PBXFileReference; explicitFileType = wrapper.application; includeInIndex = 0; path = TodoListSwiftUI.app; sourceTree = BUILT_PRODUCTS_DIR; };
		E9ADA03E2A4B637E00E59BCA /* TodoListSwiftUIApp.swift */ = {isa = PBXFileReference; lastKnownFileType = sourcecode.swift; path = TodoListSwiftUIApp.swift; sourceTree = "<group>"; };
		E9ADA0402A4B637E00E59BCA /* MainView.swift */ = {isa = PBXFileReference; lastKnownFileType = sourcecode.swift; path = MainView.swift; sourceTree = "<group>"; };
		E9ADA0422A4B637F00E59BCA /* Assets.xcassets */ = {isa = PBXFileReference; lastKnownFileType = folder.assetcatalog; path = Assets.xcassets; sourceTree = "<group>"; };
		E9ADA0452A4B637F00E59BCA /* Preview Assets.xcassets */ = {isa = PBXFileReference; lastKnownFileType = folder.assetcatalog; path = "Preview Assets.xcassets"; sourceTree = "<group>"; };
		E9ADA0532A4B668D00E59BCA /* GoogleService-Info.plist */ = {isa = PBXFileReference; fileEncoding = 4; lastKnownFileType = text.plist.xml; path = "GoogleService-Info.plist"; sourceTree = "<group>"; };
		E9ADA0592A4B698A00E59BCA /* ProfileView.swift */ = {isa = PBXFileReference; lastKnownFileType = sourcecode.swift; path = ProfileView.swift; sourceTree = "<group>"; };
		E9ADA05B2A4B699E00E59BCA /* TodoListItemsView.swift */ = {isa = PBXFileReference; lastKnownFileType = sourcecode.swift; path = TodoListItemsView.swift; sourceTree = "<group>"; };
		E9ADA05D2A4B69C500E59BCA /* NewItemView.swift */ = {isa = PBXFileReference; lastKnownFileType = sourcecode.swift; path = NewItemView.swift; sourceTree = "<group>"; };
		E9ADA05F2A4B69D600E59BCA /* LoginView.swift */ = {isa = PBXFileReference; lastKnownFileType = sourcecode.swift; path = LoginView.swift; sourceTree = "<group>"; };
		E9ADA0612A4B69F700E59BCA /* RegisterView.swift */ = {isa = PBXFileReference; lastKnownFileType = sourcecode.swift; path = RegisterView.swift; sourceTree = "<group>"; };
		E9ADA0632A4B6A3400E59BCA /* TodoListView.swift */ = {isa = PBXFileReference; lastKnownFileType = sourcecode.swift; path = TodoListView.swift; sourceTree = "<group>"; };
		E9ADA0652A4B6A7300E59BCA /* User.swift */ = {isa = PBXFileReference; lastKnownFileType = sourcecode.swift; path = User.swift; sourceTree = "<group>"; };
		E9ADA0672A4B6A8400E59BCA /* TodoListItem.swift */ = {isa = PBXFileReference; lastKnownFileType = sourcecode.swift; path = TodoListItem.swift; sourceTree = "<group>"; };
		E9ADA0692A4B6AB300E59BCA /* MainViewViewModel.swift */ = {isa = PBXFileReference; lastKnownFileType = sourcecode.swift; path = MainViewViewModel.swift; sourceTree = "<group>"; };
		E9ADA06B2A4B6AC200E59BCA /* ProfileViewViewModel.swift */ = {isa = PBXFileReference; lastKnownFileType = sourcecode.swift; path = ProfileViewViewModel.swift; sourceTree = "<group>"; };
		E9ADA06D2A4B6ADA00E59BCA /* TodoListViewViewModel.swift */ = {isa = PBXFileReference; lastKnownFileType = sourcecode.swift; path = TodoListViewViewModel.swift; sourceTree = "<group>"; };
		E9ADA06F2A4B6AE600E59BCA /* NewItemViewViewModel.swift */ = {isa = PBXFileReference; lastKnownFileType = sourcecode.swift; path = NewItemViewViewModel.swift; sourceTree = "<group>"; };
		E9ADA0712A4B6AF300E59BCA /* LoginViewViewModel.swift */ = {isa = PBXFileReference; lastKnownFileType = sourcecode.swift; path = LoginViewViewModel.swift; sourceTree = "<group>"; };
		E9ADA0732A4B6B1300E59BCA /* RegisterViewViewModel.swift */ = {isa = PBXFileReference; lastKnownFileType = sourcecode.swift; path = RegisterViewViewModel.swift; sourceTree = "<group>"; };
		E9ADA0752A4B6B2500E59BCA /* TodoListItemsViewViewModel.swift */ = {isa = PBXFileReference; lastKnownFileType = sourcecode.swift; path = TodoListItemsViewViewModel.swift; sourceTree = "<group>"; };
		E9ADA0772A4B72A300E59BCA /* HeaderView.swift */ = {isa = PBXFileReference; lastKnownFileType = sourcecode.swift; path = HeaderView.swift; sourceTree = "<group>"; };
/* End PBXFileReference section */

/* Begin PBXFrameworksBuildPhase section */
		E9ADA0382A4B637E00E59BCA /* Frameworks */ = {
			isa = PBXFrameworksBuildPhase;
			buildActionMask = 2147483647;
			files = (
				E9ADA04E2A4B64BD00E59BCA /* FirebaseAuth in Frameworks */,
				E9ADA0502A4B64BD00E59BCA /* FirebaseFirestore in Frameworks */,
				E9ADA0522A4B64BD00E59BCA /* FirebaseFirestoreSwift in Frameworks */,
			);
			runOnlyForDeploymentPostprocessing = 0;
		};
/* End PBXFrameworksBuildPhase section */

/* Begin PBXGroup section */
		E9ADA0322A4B637E00E59BCA = {
			isa = PBXGroup;
			children = (
				E9ADA03D2A4B637E00E59BCA /* TodoListSwiftUI */,
				E9ADA03C2A4B637E00E59BCA /* Products */,
			);
			sourceTree = "<group>";
		};
		E9ADA03C2A4B637E00E59BCA /* Products */ = {
			isa = PBXGroup;
			children = (
				E9ADA03B2A4B637E00E59BCA /* TodoListSwiftUI.app */,
			);
			name = Products;
			sourceTree = "<group>";
		};
		E9ADA03D2A4B637E00E59BCA /* TodoListSwiftUI */ = {
			isa = PBXGroup;
			children = (
				E9ADA0552A4B67B300E59BCA /* Model */,
				E9ADA0562A4B67BA00E59BCA /* View */,
				E9ADA0572A4B67BF00E59BCA /* ViewModel */,
				E9ADA0442A4B637F00E59BCA /* Preview Content */,
				E9ADA0582A4B67F800E59BCA /* Other */,
			);
			path = TodoListSwiftUI;
			sourceTree = "<group>";
		};
		E9ADA0442A4B637F00E59BCA /* Preview Content */ = {
			isa = PBXGroup;
			children = (
				E9ADA0452A4B637F00E59BCA /* Preview Assets.xcassets */,
			);
			path = "Preview Content";
			sourceTree = "<group>";
		};
		E9ADA0552A4B67B300E59BCA /* Model */ = {
			isa = PBXGroup;
			children = (
				E9ADA0652A4B6A7300E59BCA /* User.swift */,
				E9ADA0672A4B6A8400E59BCA /* TodoListItem.swift */,
			);
			path = Model;
			sourceTree = "<group>";
		};
		E9ADA0562A4B67BA00E59BCA /* View */ = {
			isa = PBXGroup;
			children = (
				E9ADA0402A4B637E00E59BCA /* MainView.swift */,
				E9ADA0592A4B698A00E59BCA /* ProfileView.swift */,
				E9ADA0632A4B6A3400E59BCA /* TodoListView.swift */,
				E9ADA05D2A4B69C500E59BCA /* NewItemView.swift */,
				E9ADA05F2A4B69D600E59BCA /* LoginView.swift */,
				E9ADA0612A4B69F700E59BCA /* RegisterView.swift */,
				E9ADA05B2A4B699E00E59BCA /* TodoListItemsView.swift */,
				E9ADA0772A4B72A300E59BCA /* HeaderView.swift */,
			);
			path = View;
			sourceTree = "<group>";
		};
		E9ADA0572A4B67BF00E59BCA /* ViewModel */ = {
			isa = PBXGroup;
			children = (
				E9ADA0692A4B6AB300E59BCA /* MainViewViewModel.swift */,
				E9ADA06B2A4B6AC200E59BCA /* ProfileViewViewModel.swift */,
				E9ADA06D2A4B6ADA00E59BCA /* TodoListViewViewModel.swift */,
				E9ADA06F2A4B6AE600E59BCA /* NewItemViewViewModel.swift */,
				E9ADA0712A4B6AF300E59BCA /* LoginViewViewModel.swift */,
				E9ADA0732A4B6B1300E59BCA /* RegisterViewViewModel.swift */,
				E9ADA0752A4B6B2500E59BCA /* TodoListItemsViewViewModel.swift */,
			);
			path = ViewModel;
			sourceTree = "<group>";
		};
		E9ADA0582A4B67F800E59BCA /* Other */ = {
			isa = PBXGroup;
			children = (
				E9ADA03E2A4B637E00E59BCA /* TodoListSwiftUIApp.swift */,
				E9ADA0532A4B668D00E59BCA /* GoogleService-Info.plist */,
				E9ADA0422A4B637F00E59BCA /* Assets.xcassets */,
			);
			path = Other;
			sourceTree = "<group>";
		};
/* End PBXGroup section */

/* Begin PBXNativeTarget section */
		E9ADA03A2A4B637E00E59BCA /* TodoListSwiftUI */ = {
			isa = PBXNativeTarget;
			buildConfigurationList = E9ADA0492A4B637F00E59BCA /* Build configuration list for PBXNativeTarget "TodoListSwiftUI" */;
			buildPhases = (
				E9ADA0372A4B637E00E59BCA /* Sources */,
				E9ADA0382A4B637E00E59BCA /* Frameworks */,
				E9ADA0392A4B637E00E59BCA /* Resources */,
			);
			buildRules = (
			);
			dependencies = (
			);
			name = TodoListSwiftUI;
			packageProductDependencies = (
				E9ADA04D2A4B64BD00E59BCA /* FirebaseAuth */,
				E9ADA04F2A4B64BD00E59BCA /* FirebaseFirestore */,
				E9ADA0512A4B64BD00E59BCA /* FirebaseFirestoreSwift */,
			);
			productName = TodoListSwiftUI;
			productReference = E9ADA03B2A4B637E00E59BCA /* TodoListSwiftUI.app */;
			productType = "com.apple.product-type.application";
		};
/* End PBXNativeTarget section */

/* Begin PBXProject section */
		E9ADA0332A4B637E00E59BCA /* Project object */ = {
			isa = PBXProject;
			attributes = {
				BuildIndependentTargetsInParallel = 1;
				LastSwiftUpdateCheck = 1430;
				LastUpgradeCheck = 1430;
				TargetAttributes = {
					E9ADA03A2A4B637E00E59BCA = {
						CreatedOnToolsVersion = 14.3.1;
					};
				};
			};
			buildConfigurationList = E9ADA0362A4B637E00E59BCA /* Build configuration list for PBXProject "TodoListSwiftUI" */;
			compatibilityVersion = "Xcode 14.0";
			developmentRegion = en;
			hasScannedForEncodings = 0;
			knownRegions = (
				en,
				Base,
			);
			mainGroup = E9ADA0322A4B637E00E59BCA;
			packageReferences = (
				E9ADA04C2A4B64BD00E59BCA /* XCRemoteSwiftPackageReference "firebase-ios-sdk" */,
			);
			productRefGroup = E9ADA03C2A4B637E00E59BCA /* Products */;
			projectDirPath = "";
			projectRoot = "";
			targets = (
				E9ADA03A2A4B637E00E59BCA /* TodoListSwiftUI */,
			);
		};
/* End PBXProject section */

/* Begin PBXResourcesBuildPhase section */
		E9ADA0392A4B637E00E59BCA /* Resources */ = {
			isa = PBXResourcesBuildPhase;
			buildActionMask = 2147483647;
			files = (
				E9ADA0462A4B637F00E59BCA /* Preview Assets.xcassets in Resources */,
				E9ADA0432A4B637F00E59BCA /* Assets.xcassets in Resources */,
				E9ADA0542A4B668D00E59BCA /* GoogleService-Info.plist in Resources */,
			);
			runOnlyForDeploymentPostprocessing = 0;
		};
/* End PBXResourcesBuildPhase section */

/* Begin PBXSourcesBuildPhase section */
		E9ADA0372A4B637E00E59BCA /* Sources */ = {
			isa = PBXSourcesBuildPhase;
			buildActionMask = 2147483647;
			files = (
				E9ADA0682A4B6A8400E59BCA /* TodoListItem.swift in Sources */,
				E9ADA0782A4B72A300E59BCA /* HeaderView.swift in Sources */,
				E9ADA0602A4B69D600E59BCA /* LoginView.swift in Sources */,
				E9ADA0742A4B6B1300E59BCA /* RegisterViewViewModel.swift in Sources */,
				E9ADA06A2A4B6AB300E59BCA /* MainViewViewModel.swift in Sources */,
				E9ADA0412A4B637E00E59BCA /* MainView.swift in Sources */,
				E9ADA0642A4B6A3400E59BCA /* TodoListView.swift in Sources */,
				E9ADA06C2A4B6AC200E59BCA /* ProfileViewViewModel.swift in Sources */,
				E9ADA05C2A4B699E00E59BCA /* TodoListItemsView.swift in Sources */,
				E9ADA0762A4B6B2500E59BCA /* TodoListItemsViewViewModel.swift in Sources */,
				E9ADA0622A4B69F700E59BCA /* RegisterView.swift in Sources */,
				E9ADA06E2A4B6ADA00E59BCA /* TodoListViewViewModel.swift in Sources */,
				E9ADA0662A4B6A7300E59BCA /* User.swift in Sources */,
				E9ADA0722A4B6AF300E59BCA /* LoginViewViewModel.swift in Sources */,
				E9ADA05A2A4B698A00E59BCA /* ProfileView.swift in Sources */,
				E9ADA03F2A4B637E00E59BCA /* TodoListSwiftUIApp.swift in Sources */,
				E9ADA05E2A4B69C500E59BCA /* NewItemView.swift in Sources */,
				E9ADA0702A4B6AE600E59BCA /* NewItemViewViewModel.swift in Sources */,
			);
			runOnlyForDeploymentPostprocessing = 0;
		};
/* End PBXSourcesBuildPhase section */

/* Begin XCBuildConfiguration section */
		E9ADA0472A4B637F00E59BCA /* Debug */ = {
			isa = XCBuildConfiguration;
			buildSettings = {
				ALWAYS_SEARCH_USER_PATHS = NO;
				CLANG_ANALYZER_NONNULL = YES;
				CLANG_ANALYZER_NUMBER_OBJECT_CONVERSION = YES_AGGRESSIVE;
				CLANG_CXX_LANGUAGE_STANDARD = "gnu++20";
				CLANG_ENABLE_MODULES = YES;
				CLANG_ENABLE_OBJC_ARC = YES;
				CLANG_ENABLE_OBJC_WEAK = YES;
				CLANG_WARN_BLOCK_CAPTURE_AUTORELEASING = YES;
				CLANG_WARN_BOOL_CONVERSION = YES;
				CLANG_WARN_COMMA = YES;
				CLANG_WARN_CONSTANT_CONVERSION = YES;
				CLANG_WARN_DEPRECATED_OBJC_IMPLEMENTATIONS = YES;
				CLANG_WARN_DIRECT_OBJC_ISA_USAGE = YES_ERROR;
				CLANG_WARN_DOCUMENTATION_COMMENTS = YES;
				CLANG_WARN_EMPTY_BODY = YES;
				CLANG_WARN_ENUM_CONVERSION = YES;
				CLANG_WARN_INFINITE_RECURSION = YES;
				CLANG_WARN_INT_CONVERSION = YES;
				CLANG_WARN_NON_LITERAL_NULL_CONVERSION = YES;
				CLANG_WARN_OBJC_IMPLICIT_RETAIN_SELF = YES;
				CLANG_WARN_OBJC_LITERAL_CONVERSION = YES;
				CLANG_WARN_OBJC_ROOT_CLASS = YES_ERROR;
				CLANG_WARN_QUOTED_INCLUDE_IN_FRAMEWORK_HEADER = YES;
				CLANG_WARN_RANGE_LOOP_ANALYSIS = YES;
				CLANG_WARN_STRICT_PROTOTYPES = YES;
				CLANG_WARN_SUSPICIOUS_MOVE = YES;
				CLANG_WARN_UNGUARDED_AVAILABILITY = YES_AGGRESSIVE;
				CLANG_WARN_UNREACHABLE_CODE = YES;
				CLANG_WARN__DUPLICATE_METHOD_MATCH = YES;
				COPY_PHASE_STRIP = NO;
				DEBUG_INFORMATION_FORMAT = dwarf;
				ENABLE_STRICT_OBJC_MSGSEND = YES;
				ENABLE_TESTABILITY = YES;
				GCC_C_LANGUAGE_STANDARD = gnu11;
				GCC_DYNAMIC_NO_PIC = NO;
				GCC_NO_COMMON_BLOCKS = YES;
				GCC_OPTIMIZATION_LEVEL = 0;
				GCC_PREPROCESSOR_DEFINITIONS = (
					"DEBUG=1",
					"$(inherited)",
				);
				GCC_WARN_64_TO_32_BIT_CONVERSION = YES;
				GCC_WARN_ABOUT_RETURN_TYPE = YES_ERROR;
				GCC_WARN_UNDECLARED_SELECTOR = YES;
				GCC_WARN_UNINITIALIZED_AUTOS = YES_AGGRESSIVE;
				GCC_WARN_UNUSED_FUNCTION = YES;
				GCC_WARN_UNUSED_VARIABLE = YES;
				IPHONEOS_DEPLOYMENT_TARGET = 16.4;
				MTL_ENABLE_DEBUG_INFO = INCLUDE_SOURCE;
				MTL_FAST_MATH = YES;
				ONLY_ACTIVE_ARCH = YES;
				SDKROOT = iphoneos;
				SWIFT_ACTIVE_COMPILATION_CONDITIONS = DEBUG;
				SWIFT_OPTIMIZATION_LEVEL = "-Onone";
			};
			name = Debug;
		};
		E9ADA0482A4B637F00E59BCA /* Release */ = {
			isa = XCBuildConfiguration;
			buildSettings = {
				ALWAYS_SEARCH_USER_PATHS = NO;
				CLANG_ANALYZER_NONNULL = YES;
				CLANG_ANALYZER_NUMBER_OBJECT_CONVERSION = YES_AGGRESSIVE;
				CLANG_CXX_LANGUAGE_STANDARD = "gnu++20";
				CLANG_ENABLE_MODULES = YES;
				CLANG_ENABLE_OBJC_ARC = YES;
				CLANG_ENABLE_OBJC_WEAK = YES;
				CLANG_WARN_BLOCK_CAPTURE_AUTORELEASING = YES;
				CLANG_WARN_BOOL_CONVERSION = YES;
				CLANG_WARN_COMMA = YES;
				CLANG_WARN_CONSTANT_CONVERSION = YES;
				CLANG_WARN_DEPRECATED_OBJC_IMPLEMENTATIONS = YES;
				CLANG_WARN_DIRECT_OBJC_ISA_USAGE = YES_ERROR;
				CLANG_WARN_DOCUMENTATION_COMMENTS = YES;
				CLANG_WARN_EMPTY_BODY = YES;
				CLANG_WARN_ENUM_CONVERSION = YES;
				CLANG_WARN_INFINITE_RECURSION = YES;
				CLANG_WARN_INT_CONVERSION = YES;
				CLANG_WARN_NON_LITERAL_NULL_CONVERSION = YES;
				CLANG_WARN_OBJC_IMPLICIT_RETAIN_SELF = YES;
				CLANG_WARN_OBJC_LITERAL_CONVERSION = YES;
				CLANG_WARN_OBJC_ROOT_CLASS = YES_ERROR;
				CLANG_WARN_QUOTED_INCLUDE_IN_FRAMEWORK_HEADER = YES;
				CLANG_WARN_RANGE_LOOP_ANALYSIS = YES;
				CLANG_WARN_STRICT_PROTOTYPES = YES;
				CLANG_WARN_SUSPICIOUS_MOVE = YES;
				CLANG_WARN_UNGUARDED_AVAILABILITY = YES_AGGRESSIVE;
				CLANG_WARN_UNREACHABLE_CODE = YES;
				CLANG_WARN__DUPLICATE_METHOD_MATCH = YES;
				COPY_PHASE_STRIP = NO;
				DEBUG_INFORMATION_FORMAT = "dwarf-with-dsym";
				ENABLE_NS_ASSERTIONS = NO;
				ENABLE_STRICT_OBJC_MSGSEND = YES;
				GCC_C_LANGUAGE_STANDARD = gnu11;
				GCC_NO_COMMON_BLOCKS = YES;
				GCC_WARN_64_TO_32_BIT_CONVERSION = YES;
				GCC_WARN_ABOUT_RETURN_TYPE = YES_ERROR;
				GCC_WARN_UNDECLARED_SELECTOR = YES;
				GCC_WARN_UNINITIALIZED_AUTOS = YES_AGGRESSIVE;
				GCC_WARN_UNUSED_FUNCTION = YES;
				GCC_WARN_UNUSED_VARIABLE = YES;
				IPHONEOS_DEPLOYMENT_TARGET = 16.4;
				MTL_ENABLE_DEBUG_INFO = NO;
				MTL_FAST_MATH = YES;
				SDKROOT = iphoneos;
				SWIFT_COMPILATION_MODE = wholemodule;
				SWIFT_OPTIMIZATION_LEVEL = "-O";
				VALIDATE_PRODUCT = YES;
			};
			name = Release;
		};
		E9ADA04A2A4B637F00E59BCA /* Debug */ = {
			isa = XCBuildConfiguration;
			buildSettings = {
				ASSETCATALOG_COMPILER_APPICON_NAME = AppIcon;
				ASSETCATALOG_COMPILER_GLOBAL_ACCENT_COLOR_NAME = AccentColor;
				CODE_SIGN_STYLE = Automatic;
				CURRENT_PROJECT_VERSION = 1;
				DEVELOPMENT_ASSET_PATHS = "\"TodoListSwiftUI/Preview Content\"";
				DEVELOPMENT_TEAM = 5Z6579228A;
				ENABLE_PREVIEWS = YES;
				GENERATE_INFOPLIST_FILE = YES;
				INFOPLIST_KEY_UIApplicationSceneManifest_Generation = YES;
				INFOPLIST_KEY_UIApplicationSupportsIndirectInputEvents = YES;
				INFOPLIST_KEY_UILaunchScreen_Generation = YES;
				INFOPLIST_KEY_UISupportedInterfaceOrientations = UIInterfaceOrientationPortrait;
				LD_RUNPATH_SEARCH_PATHS = (
					"$(inherited)",
					"@executable_path/Frameworks",
				);
				MARKETING_VERSION = 1.0;
				PRODUCT_BUNDLE_IDENTIFIER = com.aykutipek.TodoListSwiftUI;
				PRODUCT_NAME = "$(TARGET_NAME)";
				SWIFT_EMIT_LOC_STRINGS = YES;
				SWIFT_VERSION = 5.0;
				TARGETED_DEVICE_FAMILY = "1,2";
			};
			name = Debug;
		};
		E9ADA04B2A4B637F00E59BCA /* Release */ = {
			isa = XCBuildConfiguration;
			buildSettings = {
				ASSETCATALOG_COMPILER_APPICON_NAME = AppIcon;
				ASSETCATALOG_COMPILER_GLOBAL_ACCENT_COLOR_NAME = AccentColor;
				CODE_SIGN_STYLE = Automatic;
				CURRENT_PROJECT_VERSION = 1;
				DEVELOPMENT_ASSET_PATHS = "\"TodoListSwiftUI/Preview Content\"";
				DEVELOPMENT_TEAM = 5Z6579228A;
				ENABLE_PREVIEWS = YES;
				GENERATE_INFOPLIST_FILE = YES;
				INFOPLIST_KEY_UIApplicationSceneManifest_Generation = YES;
				INFOPLIST_KEY_UIApplicationSupportsIndirectInputEvents = YES;
				INFOPLIST_KEY_UILaunchScreen_Generation = YES;
				INFOPLIST_KEY_UISupportedInterfaceOrientations = UIInterfaceOrientationPortrait;
				LD_RUNPATH_SEARCH_PATHS = (
					"$(inherited)",
					"@executable_path/Frameworks",
				);
				MARKETING_VERSION = 1.0;
				PRODUCT_BUNDLE_IDENTIFIER = com.aykutipek.TodoListSwiftUI;
				PRODUCT_NAME = "$(TARGET_NAME)";
				SWIFT_EMIT_LOC_STRINGS = YES;
				SWIFT_VERSION = 5.0;
				TARGETED_DEVICE_FAMILY = "1,2";
			};
			name = Release;
		};
/* End XCBuildConfiguration section */

/* Begin XCConfigurationList section */
		E9ADA0362A4B637E00E59BCA /* Build configuration list for PBXProject "TodoListSwiftUI" */ = {
			isa = XCConfigurationList;
			buildConfigurations = (
				E9ADA0472A4B637F00E59BCA /* Debug */,
				E9ADA0482A4B637F00E59BCA /* Release */,
			);
			defaultConfigurationIsVisible = 0;
			defaultConfigurationName = Release;
		};
		E9ADA0492A4B637F00E59BCA /* Build configuration list for PBXNativeTarget "TodoListSwiftUI" */ = {
			isa = XCConfigurationList;
			buildConfigurations = (
				E9ADA04A2A4B637F00E59BCA /* Debug */,
				E9ADA04B2A4B637F00E59BCA /* Release */,
			);
			defaultConfigurationIsVisible = 0;
			defaultConfigurationName = Release;
		};
/* End XCConfigurationList section */

/* Begin XCRemoteSwiftPackageReference section */
		E9ADA04C2A4B64BD00E59BCA /* XCRemoteSwiftPackageReference "firebase-ios-sdk" */ = {
			isa = XCRemoteSwiftPackageReference;
			repositoryURL = "https://github.com/firebase/firebase-ios-sdk";
			requirement = {
				kind = upToNextMajorVersion;
				minimumVersion = 10.0.0;
			};
		};
/* End XCRemoteSwiftPackageReference section */

/* Begin XCSwiftPackageProductDependency section */
		E9ADA04D2A4B64BD00E59BCA /* FirebaseAuth */ = {
			isa = XCSwiftPackageProductDependency;
			package = E9ADA04C2A4B64BD00E59BCA /* XCRemoteSwiftPackageReference "firebase-ios-sdk" */;
			productName = FirebaseAuth;
		};
		E9ADA04F2A4B64BD00E59BCA /* FirebaseFirestore */ = {
			isa = XCSwiftPackageProductDependency;
			package = E9ADA04C2A4B64BD00E59BCA /* XCRemoteSwiftPackageReference "firebase-ios-sdk" */;
			productName = FirebaseFirestore;
		};
		E9ADA0512A4B64BD00E59BCA /* FirebaseFirestoreSwift */ = {
			isa = XCSwiftPackageProductDependency;
			package = E9ADA04C2A4B64BD00E59BCA /* XCRemoteSwiftPackageReference "firebase-ios-sdk" */;
			productName = FirebaseFirestoreSwift;
		};
/* End XCSwiftPackageProductDependency section */
	};
	rootObject = E9ADA0332A4B637E00E59BCA /* Project object */;
}
